
Microsoft Visual Studio Solution File, Format Version 12.00
# Visual Studio Version 17
VisualStudioVersion = 17.10.35122.118
MinimumVisualStudioVersion = 10.0.40219.1
Project("{FAE04EC0-301F-11D3-BF4B-00C04F79EFBC}") = "Geolab", "Geolab\Geolab.csproj", "{863D21A2-7F3F-4F83-9A8B-367E7E84690C}"
EndProject
Global
	GlobalSection(SolutionConfigurationPlatforms) = preSolution
		Debug|Any CPU = Debug|Any CPU
		Release|Any CPU = Release|Any CPU
	EndGlobalSection
	GlobalSection(ProjectConfigurationPlatforms) = postSolution
		{863D21A2-7F3F-4F83-9A8B-367E7E84690C}.Debug|Any CPU.ActiveCfg = Debug|Any CPU
		{863D21A2-7F3F-4F83-9A8B-367E7E84690C}.Debug|Any CPU.Build.0 = Debug|Any CPU
		{863D21A2-7F3F-4F83-9A8B-367E7E84690C}.Release|Any CPU.ActiveCfg = Release|Any CPU
		{863D21A2-7F3F-4F83-9A8B-367E7E84690C}.Release|Any CPU.Build.0 = Release|Any CPU
	EndGlobalSection
	GlobalSection(SolutionProperties) = preSolution
		HideSolutionNode = FALSE
	EndGlobalSection
	GlobalSection(ExtensibilityGlobals) = postSolution
		SolutionGuid = {9C821FDD-E530-48DF-B0D6-EBCCBC98D550}
	EndGlobalSection
EndGlobal
